{
  "name": "gist-as-storage",
  "version": "1.0.0",
  "lockfileVersion": 1,
  "requires": true,
  "dependencies": {
    "axios": {
      "version": "0.18.0",
      "resolved": "http://registry.npm.taobao.org/axios/download/axios-0.18.0.tgz",
      "integrity": "sha1-MtU+SFHv3AoRmTts0AB4nXDAUQI=",
      "dev": true,
      "requires": {
        "follow-redirects": "1.4.1",
        "is-buffer": "1.1.6"
      }
    },
    "debug": {
      "version": "2.6.9",
      "resolved": "http://registry.npm.taobao.org/debug/download/debug-2.6.9.tgz",
      "integrity": "sha1-XRKFFd8TT/Mn6QpMk/Tgd6U2NB8=",
      "requires": {
        "ms": "2.0.0"
      }
    },
    "follow-redirects": {
      "version": "1.4.1",
      "resolved": "http://registry.npm.taobao.org/follow-redirects/download/follow-redirects-1.4.1.tgz",
      "integrity": "sha1-2BIPRRgZD1Wqxlu2/HuF/NZm1qo=",
      "dev": true,
      "requires": {
        "debug": "3.1.0"
      },
      "dependencies": {
        "debug": {
          "version": "3.1.0",
          "resolved": "http://registry.npm.taobao.org/debug/download/debug-3.1.0.tgz",
          "integrity": "sha1-W7WgZyYotkFJVmuhaBnmFRjGcmE=",
          "dev": true,
          "requires": {
            "ms": "2.0.0"
          }
        }
      }
    },
    "github-api": {
      "version": "3.0.0",
      "resolved": "http://registry.npm.taobao.org/github-api/download/github-api-3.0.0.tgz",
      "integrity": "sha1-KDL5jQ06g/FIXi2zLJJZ5LnECnU=",
      "requires": {
        "axios": "0.15.3",
        "debug": "2.6.9",
        "js-base64": "2.4.3",
        "utf8": "2.1.2"
      },
      "dependencies": {
        "axios": {
          "version": "0.15.3",
          "resolved": "http://registry.npm.taobao.org/axios/download/axios-0.15.3.tgz",
          "integrity": "sha1-LJ1jiy4ZGgjqHWzJiOrda6W9wFM=",
          "requires": {
            "follow-redirects": "1.0.0"
          }
        },
        "follow-redirects": {
          "version": "1.0.0",
          "resolved": "http://registry.npm.taobao.org/follow-redirects/download/follow-redirects-1.0.0.tgz",
          "integrity": "sha1-jjQpjL0uF28lTv/sdaHHjMhJ/Tc=",
          "requires": {
            "debug": "2.6.9"
          }
        }
      }
    },
    "is-buffer": {
      "version": "1.1.6",
      "resolved": "http://registry.npm.taobao.org/is-buffer/download/is-buffer-1.1.6.tgz",
      "integrity": "sha1-76ouqdqg16suoTqXsritUf776L4=",
      "dev": true
    },
    "js-base64": {
      "version": "2.4.3",
      "resolved": "http://registry.npm.taobao.org/js-base64/download/js-base64-2.4.3.tgz",
      "integrity": "sha1-LlRewrDylX9BNWUQIFIU6Y+tZYI="
    },
    "lodash.isequal": {
      "version": "4.5.0",
      "resolved": "http://registry.npm.taobao.org/lodash.isequal/download/lodash.isequal-4.5.0.tgz",
      "integrity": "sha1-QVxEePK8wwEgwizhDtMib30+GOA="
    },
    "ms": {
      "version": "2.0.0",
      "resolved": "http://registry.npm.taobao.org/ms/download/ms-2.0.0.tgz",
      "integrity": "sha1-VgiurfwAvmwpAd9fmGF4jeDVl8g="
    },
    "utf8": {
      "version": "2.1.2",
      "resolved": "http://registry.npm.taobao.org/utf8/download/utf8-2.1.2.tgz",
      "integrity": "sha1-H6DZJw6b6FDZsFAn9jUZv0ZFfZY="
    },
    "whatwg-fetch": {
      "version": "2.0.3",
      "resolved": "http://registry.npm.taobao.org/whatwg-fetch/download/whatwg-fetch-2.0.3.tgz",
      "integrity": "sha1-nITsLc9oGH/wC8ZOEnS0QhduHIQ=",
      "dev": true
    }
  }
}
